
Microsoft Visual Studio Solution File, Format Version 12.00
# Visual Studio 15
VisualStudioVersion = 15.0.27130.2010
MinimumVisualStudioVersion = 10.0.40219.1
Project("{FAE04EC0-301F-11D3-BF4B-00C04F79EFBC}") = "Tab", "Tab\Tab.csproj", "{31638945-F06B-4D6D-86F3-D94275B6A2C6}"
EndProject
Project("{FAE04EC0-301F-11D3-BF4B-00C04F79EFBC}") = "Tab.Sample", "Tab.Sample\Tab.Sample.csproj", "{EF8906A9-4C7A-4B3D-80DC-C59D46777B53}"
EndProject
Global
	GlobalSection(SolutionConfigurationPlatforms) = preSolution
		Debug|Any CPU = Debug|Any CPU
		Debug|ARM = Debug|ARM
		Debug|x64 = Debug|x64
		Debug|x86 = Debug|x86
		Release|Any CPU = Release|Any CPU
		Release|ARM = Release|ARM
		Release|x64 = Release|x64
		Release|x86 = Release|x86
	EndGlobalSection
	GlobalSection(ProjectConfigurationPlatforms) = postSolution
		{31638945-F06B-4D6D-86F3-D94275B6A2C6}.Debug|Any CPU.ActiveCfg = Debug|Any CPU
		{31638945-F06B-4D6D-86F3-D94275B6A2C6}.Debug|Any CPU.Build.0 = Debug|Any CPU
		{31638945-F06B-4D6D-86F3-D94275B6A2C6}.Debug|ARM.ActiveCfg = Debug|ARM
		{31638945-F06B-4D6D-86F3-D94275B6A2C6}.Debug|ARM.Build.0 = Debug|ARM
		{31638945-F06B-4D6D-86F3-D94275B6A2C6}.Debug|x64.ActiveCfg = Debug|x64
		{31638945-F06B-4D6D-86F3-D94275B6A2C6}.Debug|x64.Build.0 = Debug|x64
		{31638945-F06B-4D6D-86F3-D94275B6A2C6}.Debug|x86.ActiveCfg = Debug|x86
		{31638945-F06B-4D6D-86F3-D94275B6A2C6}.Debug|x86.Build.0 = Debug|x86
		{31638945-F06B-4D6D-86F3-D94275B6A2C6}.Release|Any CPU.ActiveCfg = Release|Any CPU
		{31638945-F06B-4D6D-86F3-D94275B6A2C6}.Release|Any CPU.Build.0 = Release|Any CPU
		{31638945-F06B-4D6D-86F3-D94275B6A2C6}.Release|ARM.ActiveCfg = Release|ARM
		{31638945-F06B-4D6D-86F3-D94275B6A2C6}.Release|ARM.Build.0 = Release|ARM
		{31638945-F06B-4D6D-86F3-D94275B6A2C6}.Release|x64.ActiveCfg = Release|x64
		{31638945-F06B-4D6D-86F3-D94275B6A2C6}.Release|x64.Build.0 = Release|x64
		{31638945-F06B-4D6D-86F3-D94275B6A2C6}.Release|x86.ActiveCfg = Release|x86
		{31638945-F06B-4D6D-86F3-D94275B6A2C6}.Release|x86.Build.0 = Release|x86
		{EF8906A9-4C7A-4B3D-80DC-C59D46777B53}.Debug|Any CPU.ActiveCfg = Debug|x86
		{EF8906A9-4C7A-4B3D-80DC-C59D46777B53}.Debug|ARM.ActiveCfg = Debug|ARM
		{EF8906A9-4C7A-4B3D-80DC-C59D46777B53}.Debug|ARM.Build.0 = Debug|ARM
		{EF8906A9-4C7A-4B3D-80DC-C59D46777B53}.Debug|ARM.Deploy.0 = Debug|ARM
		{EF8906A9-4C7A-4B3D-80DC-C59D46777B53}.Debug|x64.ActiveCfg = Debug|x64
		{EF8906A9-4C7A-4B3D-80DC-C59D46777B53}.Debug|x64.Build.0 = Debug|x64
		{EF8906A9-4C7A-4B3D-80DC-C59D46777B53}.Debug|x64.Deploy.0 = Debug|x64
		{EF8906A9-4C7A-4B3D-80DC-C59D46777B53}.Debug|x86.ActiveCfg = Debug|x86
		{EF8906A9-4C7A-4B3D-80DC-C59D46777B53}.Debug|x86.Build.0 = Debug|x86
		{EF8906A9-4C7A-4B3D-80DC-C59D46777B53}.Debug|x86.Deploy.0 = Debug|x86
		{EF8906A9-4C7A-4B3D-80DC-C59D46777B53}.Release|Any CPU.ActiveCfg = Release|x86
		{EF8906A9-4C7A-4B3D-80DC-C59D46777B53}.Release|ARM.ActiveCfg = Release|ARM
		{EF8906A9-4C7A-4B3D-80DC-C59D46777B53}.Release|ARM.Build.0 = Release|ARM
		{EF8906A9-4C7A-4B3D-80DC-C59D46777B53}.Release|ARM.Deploy.0 = Release|ARM
		{EF8906A9-4C7A-4B3D-80DC-C59D46777B53}.Release|x64.ActiveCfg = Release|x64
		{EF8906A9-4C7A-4B3D-80DC-C59D46777B53}.Release|x64.Build.0 = Release|x64
		{EF8906A9-4C7A-4B3D-80DC-C59D46777B53}.Release|x64.Deploy.0 = Release|x64
		{EF8906A9-4C7A-4B3D-80DC-C59D46777B53}.Release|x86.ActiveCfg = Release|x86
		{EF8906A9-4C7A-4B3D-80DC-C59D46777B53}.Release|x86.Build.0 = Release|x86
		{EF8906A9-4C7A-4B3D-80DC-C59D46777B53}.Release|x86.Deploy.0 = Release|x86
	EndGlobalSection
	GlobalSection(SolutionProperties) = preSolution
		HideSolutionNode = FALSE
	EndGlobalSection
	GlobalSection(ExtensibilityGlobals) = postSolution
		SolutionGuid = {609C085D-3867-4003-94FD-33F9FBDFBE22}
	EndGlobalSection
EndGlobal
